// !$*UTF8*$!
{
	archiveVersion = 1;
	classes = {
	};
	objectVersion = 46;
	objects = {

/* Begin PBXBuildFile section */
		2419025D167D492200435FF7 /* bg-gray-texture.png in Resources */ = {isa = PBXBuildFile; fileRef = 24190236167D487800435FF7 /* bg-gray-texture.png */; };
		2419025E167D492200435FF7 /* bg.png in Resources */ = {isa = PBXBuildFile; fileRef = 24190237167D487B00435FF7 /* bg.png */; };
		2419025F167D492200435FF7 /* btn-0-highlight.png in Resources */ = {isa = PBXBuildFile; fileRef = 24190238167D487D00435FF7 /* btn-0-highlight.png */; };
		24190260167D492200435FF7 /* btn-0.png in Resources */ = {isa = PBXBuildFile; fileRef = 24190239167D488000435FF7 /* btn-0.png */; };
		24190261167D492200435FF7 /* btn-1-highlight.png in Resources */ = {isa = PBXBuildFile; fileRef = 2419023A167D488400435FF7 /* btn-1-highlight.png */; };
		24190262167D492200435FF7 /* btn-1.png in Resources */ = {isa = PBXBuildFile; fileRef = 2419023B167D488600435FF7 /* btn-1.png */; };
		24190263167D492200435FF7 /* btn-2-highlight.png in Resources */ = {isa = PBXBuildFile; fileRef = 2419023C167D488800435FF7 /* btn-2-highlight.png */; };
		24190264167D492200435FF7 /* btn-2.png in Resources */ = {isa = PBXBuildFile; fileRef = 2419023D167D488A00435FF7 /* btn-2.png */; };
		24190265167D492200435FF7 /* btn-3-highlight.png in Resources */ = {isa = PBXBuildFile; fileRef = 2419023E167D489000435FF7 /* btn-3-highlight.png */; };
		24190266167D492200435FF7 /* btn-3.png in Resources */ = {isa = PBXBuildFile; fileRef = 2419023F167D489200435FF7 /* btn-3.png */; };
		24190267167D492300435FF7 /* btn-4-highlight.png in Resources */ = {isa = PBXBuildFile; fileRef = 24190240167D489400435FF7 /* btn-4-highlight.png */; };
		24190268167D492300435FF7 /* btn-4.png in Resources */ = {isa = PBXBuildFile; fileRef = 24190241167D489600435FF7 /* btn-4.png */; };
		24190269167D492300435FF7 /* btn-5-highlight.png in Resources */ = {isa = PBXBuildFile; fileRef = 24190242167D489700435FF7 /* btn-5-highlight.png */; };
		2419026A167D492300435FF7 /* btn-5.png in Resources */ = {isa = PBXBuildFile; fileRef = 24190243167D489900435FF7 /* btn-5.png */; };
		2419026B167D492300435FF7 /* btn-6-highlight.png in Resources */ = {isa = PBXBuildFile; fileRef = 24190244167D48A200435FF7 /* btn-6-highlight.png */; };
		2419026C167D492300435FF7 /* btn-6.png in Resources */ = {isa = PBXBuildFile; fileRef = 24190245167D48A400435FF7 /* btn-6.png */; };
		2419026D167D492300435FF7 /* btn-7-highlight.png in Resources */ = {isa = PBXBuildFile; fileRef = 24190246167D48A600435FF7 /* btn-7-highlight.png */; };
		2419026E167D492300435FF7 /* btn-7.png in Resources */ = {isa = PBXBuildFile; fileRef = 24190247167D48A900435FF7 /* btn-7.png */; };
		2419026F167D492300435FF7 /* btn-8-highlight.png in Resources */ = {isa = PBXBuildFile; fileRef = 24190248167D48AB00435FF7 /* btn-8-highlight.png */; };
		24190270167D492300435FF7 /* btn-8.png in Resources */ = {isa = PBXBuildFile; fileRef = 24190249167D48AD00435FF7 /* btn-8.png */; };
		24190271167D492300435FF7 /* btn-9-highlight.png in Resources */ = {isa = PBXBuildFile; fileRef = 2419024A167D48AF00435FF7 /* btn-9-highlight.png */; };
		24190272167D492300435FF7 /* btn-9.png in Resources */ = {isa = PBXBuildFile; fileRef = 2419024B167D48B700435FF7 /* btn-9.png */; };
		24190273167D492300435FF7 /* btn-blank.png in Resources */ = {isa = PBXBuildFile; fileRef = 2419024C167D48C400435FF7 /* btn-blank.png */; };
		24190274167D492300435FF7 /* btn-checkout-highlight.png in Resources */ = {isa = PBXBuildFile; fileRef = 2419024D167D48CC00435FF7 /* btn-checkout-highlight.png */; };
		24190275167D492300435FF7 /* btn-checkout.png in Resources */ = {isa = PBXBuildFile; fileRef = 2419024E167D48D100435FF7 /* btn-checkout.png */; };
		24190276167D492300435FF7 /* btn-continue-highlight.png in Resources */ = {isa = PBXBuildFile; fileRef = 2419024F167D48D800435FF7 /* btn-continue-highlight.png */; };
		24190277167D492300435FF7 /* btn-continue.png in Resources */ = {isa = PBXBuildFile; fileRef = 24190250167D490800435FF7 /* btn-continue.png */; };
		24190278167D492300435FF7 /* btn-del-highlight.png in Resources */ = {isa = PBXBuildFile; fileRef = 24190251167D490A00435FF7 /* btn-del-highlight.png */; };
		24190279167D492300435FF7 /* btn-del.png in Resources */ = {isa = PBXBuildFile; fileRef = 24190252167D490D00435FF7 /* btn-del.png */; };
		2419027A167D492300435FF7 /* btn-get-help-highlight.png in Resources */ = {isa = PBXBuildFile; fileRef = 24190253167D490F00435FF7 /* btn-get-help-highlight.png */; };
		2419027B167D492300435FF7 /* btn-get-help.png in Resources */ = {isa = PBXBuildFile; fileRef = 24190254167D491100435FF7 /* btn-get-help.png */; };
		2419027C167D492300435FF7 /* btn-start-over-highlight.png in Resources */ = {isa = PBXBuildFile; fileRef = 24190255167D491200435FF7 /* btn-start-over-highlight.png */; };
		2419027D167D492300435FF7 /* btn-start-over.png in Resources */ = {isa = PBXBuildFile; fileRef = 24190256167D491600435FF7 /* btn-start-over.png */; };
		2419027E167D492300435FF7 /* help-bar.png in Resources */ = {isa = PBXBuildFile; fileRef = 24190257167D491700435FF7 /* help-bar.png */; };
		2419027F167D492300435FF7 /* help-bar@2x.png in Resources */ = {isa = PBXBuildFile; fileRef = 24190258167D491900435FF7 /* help-bar@2x.png */; };
		24190280167D492300435FF7 /* list-frame-bottom.png in Resources */ = {isa = PBXBuildFile; fileRef = 24190259167D491B00435FF7 /* list-frame-bottom.png */; };
		24190281167D492300435FF7 /* list-frame-bottom@2x.png in Resources */ = {isa = PBXBuildFile; fileRef = 2419025A167D491D00435FF7 /* list-frame-bottom@2x.png */; };
		24190282167D492300435FF7 /* list-frame-top.png in Resources */ = {isa = PBXBuildFile; fileRef = 2419025B167D491E00435FF7 /* list-frame-top.png */; };
		24190283167D492300435FF7 /* list-frame-top@2x.png in Resources */ = {isa = PBXBuildFile; fileRef = 2419025C167D492100435FF7 /* list-frame-top@2x.png */; };
		24A81335167C30AD0057CBAB /* Library.xcdatamodeld in Sources */ = {isa = PBXBuildFile; fileRef = 24A81333167C30AD0057CBAB /* Library.xcdatamodeld */; };
		24A81344167C3F620057CBAB /* CoreData.framework in Frameworks */ = {isa = PBXBuildFile; fileRef = 24A81343167C3F620057CBAB /* CoreData.framework */; };
		24A8134A167C40280057CBAB /* Default-568h@2x.png in Resources */ = {isa = PBXBuildFile; fileRef = 24A81349167C40280057CBAB /* Default-568h@2x.png */; };
		24A8134E167C42450057CBAB /* StartViewController.m in Sources */ = {isa = PBXBuildFile; fileRef = 24A8134C167C42450057CBAB /* StartViewController.m */; };
		24A8134F167C42450057CBAB /* StartViewController.xib in Resources */ = {isa = PBXBuildFile; fileRef = 24A8134D167C42450057CBAB /* StartViewController.xib */; };
		24A81353167C42510057CBAB /* PinViewController.m in Sources */ = {isa = PBXBuildFile; fileRef = 24A81351167C42510057CBAB /* PinViewController.m */; };
		24A81354167C42510057CBAB /* PinViewController.xib in Resources */ = {isa = PBXBuildFile; fileRef = 24A81352167C42510057CBAB /* PinViewController.xib */; };
		24A81358167C425B0057CBAB /* ScanItemViewController.m in Sources */ = {isa = PBXBuildFile; fileRef = 24A81356167C425B0057CBAB /* ScanItemViewController.m */; };
		24A81359167C425B0057CBAB /* ScanItemViewController.xib in Resources */ = {isa = PBXBuildFile; fileRef = 24A81357167C425B0057CBAB /* ScanItemViewController.xib */; };
		24A8135D167C42650057CBAB /* ReceiptViewController.m in Sources */ = {isa = PBXBuildFile; fileRef = 24A8135B167C42650057CBAB /* ReceiptViewController.m */; };
		24A8135E167C42650057CBAB /* ReceiptViewController.xib in Resources */ = {isa = PBXBuildFile; fileRef = 24A8135C167C42650057CBAB /* ReceiptViewController.xib */; };
		24A813B8167C46160057CBAB /* Library.m in Sources */ = {isa = PBXBuildFile; fileRef = 24A813B7167C46160057CBAB /* Library.m */; };
		24A813BB167C55AB0057CBAB /* Transaction.m in Sources */ = {isa = PBXBuildFile; fileRef = 24A813BA167C55AB0057CBAB /* Transaction.m */; };
		24A813BE167C55AC0057CBAB /* Patron.m in Sources */ = {isa = PBXBuildFile; fileRef = 24A813BD167C55AC0057CBAB /* Patron.m */; };
		24A813C1167C55AC0057CBAB /* Item.m in Sources */ = {isa = PBXBuildFile; fileRef = 24A813C0167C55AC0057CBAB /* Item.m */; };
		24C6C486167D5C2E00E01ECC /* tap.aif in Resources */ = {isa = PBXBuildFile; fileRef = 24C6C485167D5C2E00E01ECC /* tap.aif */; };
		24C6C488167D60C600E01ECC /* a-team_crazy_fool_x.wav in Resources */ = {isa = PBXBuildFile; fileRef = 24C6C487167D60C600E01ECC /* a-team_crazy_fool_x.wav */; };
		24C6C48A167D619E00E01ECC /* tap.caf in Resources */ = {isa = PBXBuildFile; fileRef = 24C6C489167D619E00E01ECC /* tap.caf */; };
		24EE85AE167D0FE400E87E99 /* CustomNavigationController.m in Sources */ = {isa = PBXBuildFile; fileRef = 24EE85AD167D0FE400E87E99 /* CustomNavigationController.m */; };
		98AC1F97167D419300CE193F /* bg-gray-texture@2x.png in Resources */ = {isa = PBXBuildFile; fileRef = 98AC1F76167D419300CE193F /* bg-gray-texture@2x.png */; };
		98AC1F98167D419300CE193F /* bg@2x.png in Resources */ = {isa = PBXBuildFile; fileRef = 98AC1F77167D419300CE193F /* bg@2x.png */; };
		98AC1F99167D419300CE193F /* btn-0-highlight@2x.png in Resources */ = {isa = PBXBuildFile; fileRef = 98AC1F78167D419300CE193F /* btn-0-highlight@2x.png */; };
		98AC1F9A167D419300CE193F /* btn-0@2x.png in Resources */ = {isa = PBXBuildFile; fileRef = 98AC1F79167D419300CE193F /* btn-0@2x.png */; };
		98AC1F9B167D419300CE193F /* btn-1-highlight@2x.png in Resources */ = {isa = PBXBuildFile; fileRef = 98AC1F7A167D419300CE193F /* btn-1-highlight@2x.png */; };
		98AC1F9C167D419300CE193F /* btn-1@2x.png in Resources */ = {isa = PBXBuildFile; fileRef = 98AC1F7B167D419300CE193F /* btn-1@2x.png */; };
		98AC1F9D167D419300CE193F /* btn-2-highlight@2x.png in Resources */ = {isa = PBXBuildFile; fileRef = 98AC1F7C167D419300CE193F /* btn-2-highlight@2x.png */; };
		98AC1F9E167D419300CE193F /* btn-2@2x.png in Resources */ = {isa = PBXBuildFile; fileRef = 98AC1F7D167D419300CE193F /* btn-2@2x.png */; };
		98AC1F9F167D419300CE193F /* btn-3-highlight@2x.png in Resources */ = {isa = PBXBuildFile; fileRef = 98AC1F7E167D419300CE193F /* btn-3-highlight@2x.png */; };
		98AC1FA0167D419300CE193F /* btn-3@2x.png in Resources */ = {isa = PBXBuildFile; fileRef = 98AC1F7F167D419300CE193F /* btn-3@2x.png */; };
		98AC1FA1167D419300CE193F /* btn-4-highlight@2x.png in Resources */ = {isa = PBXBuildFile; fileRef = 98AC1F80167D419300CE193F /* btn-4-highlight@2x.png */; };
		98AC1FA2167D419300CE193F /* btn-4@2x.png in Resources */ = {isa = PBXBuildFile; fileRef = 98AC1F81167D419300CE193F /* btn-4@2x.png */; };
		98AC1FA3167D419300CE193F /* btn-5-highlight@2x.png in Resources */ = {isa = PBXBuildFile; fileRef = 98AC1F82167D419300CE193F /* btn-5-highlight@2x.png */; };
		98AC1FA4167D419300CE193F /* btn-5@2x.png in Resources */ = {isa = PBXBuildFile; fileRef = 98AC1F83167D419300CE193F /* btn-5@2x.png */; };
		98AC1FA5167D419300CE193F /* btn-6-highlight@2x.png in Resources */ = {isa = PBXBuildFile; fileRef = 98AC1F84167D419300CE193F /* btn-6-highlight@2x.png */; };
		98AC1FA6167D419300CE193F /* btn-6@2x.png in Resources */ = {isa = PBXBuildFile; fileRef = 98AC1F85167D419300CE193F /* btn-6@2x.png */; };
		98AC1FA7167D419300CE193F /* btn-7-highlight@2x.png in Resources */ = {isa = PBXBuildFile; fileRef = 98AC1F86167D419300CE193F /* btn-7-highlight@2x.png */; };
		98AC1FA8167D419300CE193F /* btn-7@2x.png in Resources */ = {isa = PBXBuildFile; fileRef = 98AC1F87167D419300CE193F /* btn-7@2x.png */; };
		98AC1FA9167D419300CE193F /* btn-8-highlight@2x.png in Resources */ = {isa = PBXBuildFile; fileRef = 98AC1F88167D419300CE193F /* btn-8-highlight@2x.png */; };
		98AC1FAA167D419300CE193F /* btn-8@2x.png in Resources */ = {isa = PBXBuildFile; fileRef = 98AC1F89167D419300CE193F /* btn-8@2x.png */; };
		98AC1FAB167D419300CE193F /* btn-9-highlight@2x.png in Resources */ = {isa = PBXBuildFile; fileRef = 98AC1F8A167D419300CE193F /* btn-9-highlight@2x.png */; };
		98AC1FAC167D419300CE193F /* btn-9@2x.png in Resources */ = {isa = PBXBuildFile; fileRef = 98AC1F8B167D419300CE193F /* btn-9@2x.png */; };
		98AC1FAD167D419300CE193F /* btn-blank@2x.png in Resources */ = {isa = PBXBuildFile; fileRef = 98AC1F8C167D419300CE193F /* btn-blank@2x.png */; };
		98AC1FAE167D419300CE193F /* btn-checkout-highlight@2x.png in Resources */ = {isa = PBXBuildFile; fileRef = 98AC1F8D167D419300CE193F /* btn-checkout-highlight@2x.png */; };
		98AC1FAF167D419300CE193F /* btn-checkout@2x.png in Resources */ = {isa = PBXBuildFile; fileRef = 98AC1F8E167D419300CE193F /* btn-checkout@2x.png */; };
		98AC1FB0167D419300CE193F /* btn-continue-highlight@2x.png in Resources */ = {isa = PBXBuildFile; fileRef = 98AC1F8F167D419300CE193F /* btn-continue-highlight@2x.png */; };
		98AC1FB1167D419300CE193F /* btn-continue@2x.png in Resources */ = {isa = PBXBuildFile; fileRef = 98AC1F90167D419300CE193F /* btn-continue@2x.png */; };
		98AC1FB2167D419300CE193F /* btn-del-highlight@2x.png in Resources */ = {isa = PBXBuildFile; fileRef = 98AC1F91167D419300CE193F /* btn-del-highlight@2x.png */; };
		98AC1FB3167D419300CE193F /* btn-del@2x.png in Resources */ = {isa = PBXBuildFile; fileRef = 98AC1F92167D419300CE193F /* btn-del@2x.png */; };
		98AC1FB4167D419300CE193F /* btn-get-help-highlight@2x.png in Resources */ = {isa = PBXBuildFile; fileRef = 98AC1F93167D419300CE193F /* btn-get-help-highlight@2x.png */; };
		98AC1FB5167D419300CE193F /* btn-get-help@2x.png in Resources */ = {isa = PBXBuildFile; fileRef = 98AC1F94167D419300CE193F /* btn-get-help@2x.png */; };
		98AC1FB6167D419300CE193F /* btn-start-over-highlight@2x.png in Resources */ = {isa = PBXBuildFile; fileRef = 98AC1F95167D419300CE193F /* btn-start-over-highlight@2x.png */; };
		98AC1FB7167D419300CE193F /* btn-start-over@2x.png in Resources */ = {isa = PBXBuildFile; fileRef = 98AC1F96167D419300CE193F /* btn-start-over@2x.png */; };
		DC8F289413579EFF005B8862 /* UIKit.framework in Frameworks */ = {isa = PBXBuildFile; fileRef = DC8F289313579EFF005B8862 /* UIKit.framework */; };
		DC8F289613579EFF005B8862 /* Foundation.framework in Frameworks */ = {isa = PBXBuildFile; fileRef = DC8F289513579EFF005B8862 /* Foundation.framework */; };
		DC8F289813579EFF005B8862 /* CoreGraphics.framework in Frameworks */ = {isa = PBXBuildFile; fileRef = DC8F289713579EFF005B8862 /* CoreGraphics.framework */; };
		DC8F289E13579EFF005B8862 /* InfoPlist.strings in Resources */ = {isa = PBXBuildFile; fileRef = DC8F289C13579EFF005B8862 /* InfoPlist.strings */; };
		DC8F28A113579EFF005B8862 /* main.m in Sources */ = {isa = PBXBuildFile; fileRef = DC8F28A013579EFF005B8862 /* main.m */; };
		DC8F28A413579EFF005B8862 /* ReaderSampleAppDelegate.m in Sources */ = {isa = PBXBuildFile; fileRef = DC8F28A313579EFF005B8862 /* ReaderSampleAppDelegate.m */; };
		DC8F28A713579EFF005B8862 /* MainWindow.xib in Resources */ = {isa = PBXBuildFile; fileRef = DC8F28A513579EFF005B8862 /* MainWindow.xib */; };
		DC8F28AA13579EFF005B8862 /* ReaderSampleViewController.m in Sources */ = {isa = PBXBuildFile; fileRef = DC8F28A913579EFF005B8862 /* ReaderSampleViewController.m */; };
		DC8F28AD13579F00005B8862 /* ReaderSampleViewController.xib in Resources */ = {isa = PBXBuildFile; fileRef = DC8F28AB13579EFF005B8862 /* ReaderSampleViewController.xib */; };
		DC8F28D01357A29D005B8862 /* libzbar.a in Frameworks */ = {isa = PBXBuildFile; fileRef = DC8F28CA1357A29D005B8862 /* libzbar.a */; };
		DC8F28D11357A29D005B8862 /* zbar-back.png in Resources */ = {isa = PBXBuildFile; fileRef = DC8F28CC1357A29D005B8862 /* zbar-back.png */; };
		DC8F28D21357A29D005B8862 /* zbar-help.html in Resources */ = {isa = PBXBuildFile; fileRef = DC8F28CD1357A29D005B8862 /* zbar-help.html */; };
		DC8F28D31357A29D005B8862 /* zbar-helpicons.png in Resources */ = {isa = PBXBuildFile; fileRef = DC8F28CE1357A29D005B8862 /* zbar-helpicons.png */; };
		DC8F28D41357A29D005B8862 /* zbar-samples.png in Resources */ = {isa = PBXBuildFile; fileRef = DC8F28CF1357A29D005B8862 /* zbar-samples.png */; };
		DC8F28DA1357A42E005B8862 /* AVFoundation.framework in Frameworks */ = {isa = PBXBuildFile; fileRef = DC8F28D51357A42E005B8862 /* AVFoundation.framework */; };
		DC8F28DB1357A42E005B8862 /* CoreMedia.framework in Frameworks */ = {isa = PBXBuildFile; fileRef = DC8F28D61357A42E005B8862 /* CoreMedia.framework */; };
		DC8F28DC1357A42E005B8862 /* CoreVideo.framework in Frameworks */ = {isa = PBXBuildFile; fileRef = DC8F28D71357A42E005B8862 /* CoreVideo.framework */; };
		DC8F28DD1357A42E005B8862 /* libiconv.dylib in Frameworks */ = {isa = PBXBuildFile; fileRef = DC8F28D81357A42E005B8862 /* libiconv.dylib */; };
		DC8F28DE1357A42E005B8862 /* QuartzCore.framework in Frameworks */ = {isa = PBXBuildFile; fileRef = DC8F28D91357A42E005B8862 /* QuartzCore.framework */; };
/* End PBXBuildFile section */

/* Begin PBXFileReference section */
		24190236167D487800435FF7 /* bg-gray-texture.png */ = {isa = PBXFileReference; lastKnownFileType = image.png; name = "bg-gray-texture.png"; path = "Images/bg-gray-texture.png"; sourceTree = "<group>"; };
		24190237167D487B00435FF7 /* bg.png */ = {isa = PBXFileReference; lastKnownFileType = image.png; name = bg.png; path = Images/bg.png; sourceTree = "<group>"; };
		24190238167D487D00435FF7 /* btn-0-highlight.png */ = {isa = PBXFileReference; lastKnownFileType = image.png; name = "btn-0-highlight.png"; path = "Images/btn-0-highlight.png"; sourceTree = "<group>"; };
		24190239167D488000435FF7 /* btn-0.png */ = {isa = PBXFileReference; lastKnownFileType = image.png; name = "btn-0.png"; path = "Images/btn-0.png"; sourceTree = "<group>"; };
		2419023A167D488400435FF7 /* btn-1-highlight.png */ = {isa = PBXFileReference; lastKnownFileType = image.png; name = "btn-1-highlight.png"; path = "Images/btn-1-highlight.png"; sourceTree = "<group>"; };
		2419023B167D488600435FF7 /* btn-1.png */ = {isa = PBXFileReference; lastKnownFileType = image.png; name = "btn-1.png"; path = "Images/btn-1.png"; sourceTree = "<group>"; };
		2419023C167D488800435FF7 /* btn-2-highlight.png */ = {isa = PBXFileReference; lastKnownFileType = image.png; name = "btn-2-highlight.png"; path = "Images/btn-2-highlight.png"; sourceTree = "<group>"; };
		2419023D167D488A00435FF7 /* btn-2.png */ = {isa = PBXFileReference; lastKnownFileType = image.png; name = "btn-2.png"; path = "Images/btn-2.png"; sourceTree = "<group>"; };
		2419023E167D489000435FF7 /* btn-3-highlight.png */ = {isa = PBXFileReference; lastKnownFileType = image.png; name = "btn-3-highlight.png"; path = "Images/btn-3-highlight.png"; sourceTree = "<group>"; };
		2419023F167D489200435FF7 /* btn-3.png */ = {isa = PBXFileReference; lastKnownFileType = image.png; name = "btn-3.png"; path = "Images/btn-3.png"; sourceTree = "<group>"; };
		24190240167D489400435FF7 /* btn-4-highlight.png */ = {isa = PBXFileReference; lastKnownFileType = image.png; name = "btn-4-highlight.png"; path = "Images/btn-4-highlight.png"; sourceTree = "<group>"; };
		24190241167D489600435FF7 /* btn-4.png */ = {isa = PBXFileReference; lastKnownFileType = image.png; name = "btn-4.png"; path = "Images/btn-4.png"; sourceTree = "<group>"; };
		24190242167D489700435FF7 /* btn-5-highlight.png */ = {isa = PBXFileReference; lastKnownFileType = image.png; name = "btn-5-highlight.png"; path = "Images/btn-5-highlight.png"; sourceTree = "<group>"; };
		24190243167D489900435FF7 /* btn-5.png */ = {isa = PBXFileReference; lastKnownFileType = image.png; name = "btn-5.png"; path = "Images/btn-5.png"; sourceTree = "<group>"; };
		24190244167D48A200435FF7 /* btn-6-highlight.png */ = {isa = PBXFileReference; lastKnownFileType = image.png; name = "btn-6-highlight.png"; path = "Images/btn-6-highlight.png"; sourceTree = "<group>"; };
		24190245167D48A400435FF7 /* btn-6.png */ = {isa = PBXFileReference; lastKnownFileType = image.png; name = "btn-6.png"; path = "Images/btn-6.png"; sourceTree = "<group>"; };
		24190246167D48A600435FF7 /* btn-7-highlight.png */ = {isa = PBXFileReference; lastKnownFileType = image.png; name = "btn-7-highlight.png"; path = "Images/btn-7-highlight.png"; sourceTree = "<group>"; };
		24190247167D48A900435FF7 /* btn-7.png */ = {isa = PBXFileReference; lastKnownFileType = image.png; name = "btn-7.png"; path = "Images/btn-7.png"; sourceTree = "<group>"; };
		24190248167D48AB00435FF7 /* btn-8-highlight.png */ = {isa = PBXFileReference; lastKnownFileType = image.png; name = "btn-8-highlight.png"; path = "Images/btn-8-highlight.png"; sourceTree = "<group>"; };
		24190249167D48AD00435FF7 /* btn-8.png */ = {isa = PBXFileReference; lastKnownFileType = image.png; name = "btn-8.png"; path = "Images/btn-8.png"; sourceTree = "<group>"; };
		2419024A167D48AF00435FF7 /* btn-9-highlight.png */ = {isa = PBXFileReference; lastKnownFileType = image.png; name = "btn-9-highlight.png"; path = "Images/btn-9-highlight.png"; sourceTree = "<group>"; };
		2419024B167D48B700435FF7 /* btn-9.png */ = {isa = PBXFileReference; lastKnownFileType = image.png; name = "btn-9.png"; path = "Images/btn-9.png"; sourceTree = "<group>"; };
		2419024C167D48C400435FF7 /* btn-blank.png */ = {isa = PBXFileReference; lastKnownFileType = image.png; name = "btn-blank.png"; path = "Images/btn-blank.png"; sourceTree = "<group>"; };
		2419024D167D48CC00435FF7 /* btn-checkout-highlight.png */ = {isa = PBXFileReference; lastKnownFileType = image.png; name = "btn-checkout-highlight.png"; path = "Images/btn-checkout-highlight.png"; sourceTree = "<group>"; };
		2419024E167D48D100435FF7 /* btn-checkout.png */ = {isa = PBXFileReference; lastKnownFileType = image.png; name = "btn-checkout.png"; path = "Images/btn-checkout.png"; sourceTree = "<group>"; };
		2419024F167D48D800435FF7 /* btn-continue-highlight.png */ = {isa = PBXFileReference; lastKnownFileType = image.png; name = "btn-continue-highlight.png"; path = "Images/btn-continue-highlight.png"; sourceTree = "<group>"; };
		24190250167D490800435FF7 /* btn-continue.png */ = {isa = PBXFileReference; lastKnownFileType = image.png; name = "btn-continue.png"; path = "Images/btn-continue.png"; sourceTree = "<group>"; };
		24190251167D490A00435FF7 /* btn-del-highlight.png */ = {isa = PBXFileReference; lastKnownFileType = image.png; name = "btn-del-highlight.png"; path = "Images/btn-del-highlight.png"; sourceTree = "<group>"; };
		24190252167D490D00435FF7 /* btn-del.png */ = {isa = PBXFileReference; lastKnownFileType = image.png; name = "btn-del.png"; path = "Images/btn-del.png"; sourceTree = "<group>"; };
		24190253167D490F00435FF7 /* btn-get-help-highlight.png */ = {isa = PBXFileReference; lastKnownFileType = image.png; name = "btn-get-help-highlight.png"; path = "Images/btn-get-help-highlight.png"; sourceTree = "<group>"; };
		24190254167D491100435FF7 /* btn-get-help.png */ = {isa = PBXFileReference; lastKnownFileType = image.png; name = "btn-get-help.png"; path = "Images/btn-get-help.png"; sourceTree = "<group>"; };
		24190255167D491200435FF7 /* btn-start-over-highlight.png */ = {isa = PBXFileReference; lastKnownFileType = image.png; name = "btn-start-over-highlight.png"; path = "Images/btn-start-over-highlight.png"; sourceTree = "<group>"; };
		24190256167D491600435FF7 /* btn-start-over.png */ = {isa = PBXFileReference; lastKnownFileType = image.png; name = "btn-start-over.png"; path = "Images/btn-start-over.png"; sourceTree = "<group>"; };
		24190257167D491700435FF7 /* help-bar.png */ = {isa = PBXFileReference; lastKnownFileType = image.png; name = "help-bar.png"; path = "Images/help-bar.png"; sourceTree = "<group>"; };
		24190258167D491900435FF7 /* help-bar@2x.png */ = {isa = PBXFileReference; lastKnownFileType = image.png; name = "help-bar@2x.png"; path = "Images/help-bar@2x.png"; sourceTree = "<group>"; };
		24190259167D491B00435FF7 /* list-frame-bottom.png */ = {isa = PBXFileReference; lastKnownFileType = image.png; name = "list-frame-bottom.png"; path = "Images/list-frame-bottom.png"; sourceTree = "<group>"; };
		2419025A167D491D00435FF7 /* list-frame-bottom@2x.png */ = {isa = PBXFileReference; lastKnownFileType = image.png; name = "list-frame-bottom@2x.png"; path = "Images/list-frame-bottom@2x.png"; sourceTree = "<group>"; };
		2419025B167D491E00435FF7 /* list-frame-top.png */ = {isa = PBXFileReference; lastKnownFileType = image.png; name = "list-frame-top.png"; path = "Images/list-frame-top.png"; sourceTree = "<group>"; };
		2419025C167D492100435FF7 /* list-frame-top@2x.png */ = {isa = PBXFileReference; lastKnownFileType = image.png; name = "list-frame-top@2x.png"; path = "Images/list-frame-top@2x.png"; sourceTree = "<group>"; };
		24A81334167C30AD0057CBAB /* Library.xcdatamodel */ = {isa = PBXFileReference; lastKnownFileType = wrapper.xcdatamodel; path = Library.xcdatamodel; sourceTree = "<group>"; };
		24A81343167C3F620057CBAB /* CoreData.framework */ = {isa = PBXFileReference; lastKnownFileType = wrapper.framework; name = CoreData.framework; path = System/Library/Frameworks/CoreData.framework; sourceTree = SDKROOT; };
		24A81349167C40280057CBAB /* Default-568h@2x.png */ = {isa = PBXFileReference; lastKnownFileType = image.png; path = "Default-568h@2x.png"; sourceTree = "<group>"; };
		24A8134B167C42450057CBAB /* StartViewController.h */ = {isa = PBXFileReference; fileEncoding = 4; lastKnownFileType = sourcecode.c.h; path = StartViewController.h; sourceTree = "<group>"; };
		24A8134C167C42450057CBAB /* StartViewController.m */ = {isa = PBXFileReference; fileEncoding = 4; lastKnownFileType = sourcecode.c.objc; path = StartViewController.m; sourceTree = "<group>"; };
		24A8134D167C42450057CBAB /* StartViewController.xib */ = {isa = PBXFileReference; fileEncoding = 4; lastKnownFileType = file.xib; path = StartViewController.xib; sourceTree = "<group>"; };
		24A81350167C42510057CBAB /* PinViewController.h */ = {isa = PBXFileReference; fileEncoding = 4; lastKnownFileType = sourcecode.c.h; path = PinViewController.h; sourceTree = "<group>"; };
		24A81351167C42510057CBAB /* PinViewController.m */ = {isa = PBXFileReference; fileEncoding = 4; lastKnownFileType = sourcecode.c.objc; path = PinViewController.m; sourceTree = "<group>"; };
		24A81352167C42510057CBAB /* PinViewController.xib */ = {isa = PBXFileReference; fileEncoding = 4; lastKnownFileType = file.xib; path = PinViewController.xib; sourceTree = "<group>"; };
		24A81355167C425B0057CBAB /* ScanItemViewController.h */ = {isa = PBXFileReference; fileEncoding = 4; lastKnownFileType = sourcecode.c.h; path = ScanItemViewController.h; sourceTree = "<group>"; };
		24A81356167C425B0057CBAB /* ScanItemViewController.m */ = {isa = PBXFileReference; fileEncoding = 4; lastKnownFileType = sourcecode.c.objc; path = ScanItemViewController.m; sourceTree = "<group>"; };
		24A81357167C425B0057CBAB /* ScanItemViewController.xib */ = {isa = PBXFileReference; fileEncoding = 4; lastKnownFileType = file.xib; path = ScanItemViewController.xib; sourceTree = "<group>"; };
		24A8135A167C42650057CBAB /* ReceiptViewController.h */ = {isa = PBXFileReference; fileEncoding = 4; lastKnownFileType = sourcecode.c.h; path = ReceiptViewController.h; sourceTree = "<group>"; };
		24A8135B167C42650057CBAB /* ReceiptViewController.m */ = {isa = PBXFileReference; fileEncoding = 4; lastKnownFileType = sourcecode.c.objc; path = ReceiptViewController.m; sourceTree = "<group>"; };
		24A8135C167C42650057CBAB /* ReceiptViewController.xib */ = {isa = PBXFileReference; fileEncoding = 4; lastKnownFileType = file.xib; path = ReceiptViewController.xib; sourceTree = "<group>"; };
		24A813B6167C46160057CBAB /* Library.h */ = {isa = PBXFileReference; fileEncoding = 4; lastKnownFileType = sourcecode.c.h; path = Library.h; sourceTree = "<group>"; };
		24A813B7167C46160057CBAB /* Library.m */ = {isa = PBXFileReference; fileEncoding = 4; lastKnownFileType = sourcecode.c.objc; path = Library.m; sourceTree = "<group>"; };
		24A813B9167C55AB0057CBAB /* Transaction.h */ = {isa = PBXFileReference; fileEncoding = 4; lastKnownFileType = sourcecode.c.h; name = Transaction.h; path = Models/Transaction.h; sourceTree = "<group>"; };
		24A813BA167C55AB0057CBAB /* Transaction.m */ = {isa = PBXFileReference; fileEncoding = 4; lastKnownFileType = sourcecode.c.objc; name = Transaction.m; path = Models/Transaction.m; sourceTree = "<group>"; };
		24A813BC167C55AC0057CBAB /* Patron.h */ = {isa = PBXFileReference; fileEncoding = 4; lastKnownFileType = sourcecode.c.h; name = Patron.h; path = Models/Patron.h; sourceTree = "<group>"; };
		24A813BD167C55AC0057CBAB /* Patron.m */ = {isa = PBXFileReference; fileEncoding = 4; lastKnownFileType = sourcecode.c.objc; name = Patron.m; path = Models/Patron.m; sourceTree = "<group>"; };
		24A813BF167C55AC0057CBAB /* Item.h */ = {isa = PBXFileReference; fileEncoding = 4; lastKnownFileType = sourcecode.c.h; name = Item.h; path = Models/Item.h; sourceTree = "<group>"; };
		24A813C0167C55AC0057CBAB /* Item.m */ = {isa = PBXFileReference; fileEncoding = 4; lastKnownFileType = sourcecode.c.objc; name = Item.m; path = Models/Item.m; sourceTree = "<group>"; };
		24C6C481167D5C0A00E01ECC /* AudioToolbox.framework */ = {isa = PBXFileReference; lastKnownFileType = wrapper.framework; name = AudioToolbox.framework; path = System/Library/Frameworks/AudioToolbox.framework; sourceTree = SDKROOT; };
		24C6C485167D5C2E00E01ECC /* tap.aif */ = {isa = PBXFileReference; lastKnownFileType = file; path = tap.aif; sourceTree = "<group>"; };
		24C6C487167D60C600E01ECC /* a-team_crazy_fool_x.wav */ = {isa = PBXFileReference; lastKnownFileType = audio.wav; path = "a-team_crazy_fool_x.wav"; sourceTree = "<group>"; };
		24C6C489167D619E00E01ECC /* tap.caf */ = {isa = PBXFileReference; lastKnownFileType = file; path = tap.caf; sourceTree = "<group>"; };
		24EE85AC167D0FE400E87E99 /* CustomNavigationController.h */ = {isa = PBXFileReference; fileEncoding = 4; lastKnownFileType = sourcecode.c.h; path = CustomNavigationController.h; sourceTree = "<group>"; };
		24EE85AD167D0FE400E87E99 /* CustomNavigationController.m */ = {isa = PBXFileReference; fileEncoding = 4; lastKnownFileType = sourcecode.c.objc; path = CustomNavigationController.m; sourceTree = "<group>"; };
		98AC1F76167D419300CE193F /* bg-gray-texture@2x.png */ = {isa = PBXFileReference; lastKnownFileType = image.png; name = "bg-gray-texture@2x.png"; path = "Images/bg-gray-texture@2x.png"; sourceTree = "<group>"; };
		98AC1F77167D419300CE193F /* bg@2x.png */ = {isa = PBXFileReference; lastKnownFileType = image.png; name = "bg@2x.png"; path = "Images/bg@2x.png"; sourceTree = "<group>"; };
		98AC1F78167D419300CE193F /* btn-0-highlight@2x.png */ = {isa = PBXFileReference; lastKnownFileType = image.png; name = "btn-0-highlight@2x.png"; path = "Images/btn-0-highlight@2x.png"; sourceTree = "<group>"; };
		98AC1F79167D419300CE193F /* btn-0@2x.png */ = {isa = PBXFileReference; lastKnownFileType = image.png; name = "btn-0@2x.png"; path = "Images/btn-0@2x.png"; sourceTree = "<group>"; };
		98AC1F7A167D419300CE193F /* btn-1-highlight@2x.png */ = {isa = PBXFileReference; lastKnownFileType = image.png; name = "btn-1-highlight@2x.png"; path = "Images/btn-1-highlight@2x.png"; sourceTree = "<group>"; };
		98AC1F7B167D419300CE193F /* btn-1@2x.png */ = {isa = PBXFileReference; lastKnownFileType = image.png; name = "btn-1@2x.png"; path = "Images/btn-1@2x.png"; sourceTree = "<group>"; };
		98AC1F7C167D419300CE193F /* btn-2-highlight@2x.png */ = {isa = PBXFileReference; lastKnownFileType = image.png; name = "btn-2-highlight@2x.png"; path = "Images/btn-2-highlight@2x.png"; sourceTree = "<group>"; };
		98AC1F7D167D419300CE193F /* btn-2@2x.png */ = {isa = PBXFileReference; lastKnownFileType = image.png; name = "btn-2@2x.png"; path = "Images/btn-2@2x.png"; sourceTree = "<group>"; };
		98AC1F7E167D419300CE193F /* btn-3-highlight@2x.png */ = {isa = PBXFileReference; lastKnownFileType = image.png; name = "btn-3-highlight@2x.png"; path = "Images/btn-3-highlight@2x.png"; sourceTree = "<group>"; };
		98AC1F7F167D419300CE193F /* btn-3@2x.png */ = {isa = PBXFileReference; lastKnownFileType = image.png; name = "btn-3@2x.png"; path = "Images/btn-3@2x.png"; sourceTree = "<group>"; };
		98AC1F80167D419300CE193F /* btn-4-highlight@2x.png */ = {isa = PBXFileReference; lastKnownFileType = image.png; name = "btn-4-highlight@2x.png"; path = "Images/btn-4-highlight@2x.png"; sourceTree = "<group>"; };
		98AC1F81167D419300CE193F /* btn-4@2x.png */ = {isa = PBXFileReference; lastKnownFileType = image.png; name = "btn-4@2x.png"; path = "Images/btn-4@2x.png"; sourceTree = "<group>"; };
		98AC1F82167D419300CE193F /* btn-5-highlight@2x.png */ = {isa = PBXFileReference; lastKnownFileType = image.png; name = "btn-5-highlight@2x.png"; path = "Images/btn-5-highlight@2x.png"; sourceTree = "<group>"; };
		98AC1F83167D419300CE193F /* btn-5@2x.png */ = {isa = PBXFileReference; lastKnownFileType = image.png; name = "btn-5@2x.png"; path = "Images/btn-5@2x.png"; sourceTree = "<group>"; };
		98AC1F84167D419300CE193F /* btn-6-highlight@2x.png */ = {isa = PBXFileReference; lastKnownFileType = image.png; name = "btn-6-highlight@2x.png"; path = "Images/btn-6-highlight@2x.png"; sourceTree = "<group>"; };
		98AC1F85167D419300CE193F /* btn-6@2x.png */ = {isa = PBXFileReference; lastKnownFileType = image.png; name = "btn-6@2x.png"; path = "Images/btn-6@2x.png"; sourceTree = "<group>"; };
		98AC1F86167D419300CE193F /* btn-7-highlight@2x.png */ = {isa = PBXFileReference; lastKnownFileType = image.png; name = "btn-7-highlight@2x.png"; path = "Images/btn-7-highlight@2x.png"; sourceTree = "<group>"; };
		98AC1F87167D419300CE193F /* btn-7@2x.png */ = {isa = PBXFileReference; lastKnownFileType = image.png; name = "btn-7@2x.png"; path = "Images/btn-7@2x.png"; sourceTree = "<group>"; };
		98AC1F88167D419300CE193F /* btn-8-highlight@2x.png */ = {isa = PBXFileReference; lastKnownFileType = image.png; name = "btn-8-highlight@2x.png"; path = "Images/btn-8-highlight@2x.png"; sourceTree = "<group>"; };
		98AC1F89167D419300CE193F /* btn-8@2x.png */ = {isa = PBXFileReference; lastKnownFileType = image.png; name = "btn-8@2x.png"; path = "Images/btn-8@2x.png"; sourceTree = "<group>"; };
		98AC1F8A167D419300CE193F /* btn-9-highlight@2x.png */ = {isa = PBXFileReference; lastKnownFileType = image.png; name = "btn-9-highlight@2x.png"; path = "Images/btn-9-highlight@2x.png"; sourceTree = "<group>"; };
		98AC1F8B167D419300CE193F /* btn-9@2x.png */ = {isa = PBXFileReference; lastKnownFileType = image.png; name = "btn-9@2x.png"; path = "Images/btn-9@2x.png"; sourceTree = "<group>"; };
		98AC1F8C167D419300CE193F /* btn-blank@2x.png */ = {isa = PBXFileReference; lastKnownFileType = image.png; name = "btn-blank@2x.png"; path = "Images/btn-blank@2x.png"; sourceTree = "<group>"; };
		98AC1F8D167D419300CE193F /* btn-checkout-highlight@2x.png */ = {isa = PBXFileReference; lastKnownFileType = image.png; name = "btn-checkout-highlight@2x.png"; path = "Images/btn-checkout-highlight@2x.png"; sourceTree = "<group>"; };
		98AC1F8E167D419300CE193F /* btn-checkout@2x.png */ = {isa = PBXFileReference; lastKnownFileType = image.png; name = "btn-checkout@2x.png"; path = "Images/btn-checkout@2x.png"; sourceTree = "<group>"; };
		98AC1F8F167D419300CE193F /* btn-continue-highlight@2x.png */ = {isa = PBXFileReference; lastKnownFileType = image.png; name = "btn-continue-highlight@2x.png"; path = "Images/btn-continue-highlight@2x.png"; sourceTree = "<group>"; };
		98AC1F90167D419300CE193F /* btn-continue@2x.png */ = {isa = PBXFileReference; lastKnownFileType = image.png; name = "btn-continue@2x.png"; path = "Images/btn-continue@2x.png"; sourceTree = "<group>"; };
		98AC1F91167D419300CE193F /* btn-del-highlight@2x.png */ = {isa = PBXFileReference; lastKnownFileType = image.png; name = "btn-del-highlight@2x.png"; path = "Images/btn-del-highlight@2x.png"; sourceTree = "<group>"; };
		98AC1F92167D419300CE193F /* btn-del@2x.png */ = {isa = PBXFileReference; lastKnownFileType = image.png; name = "btn-del@2x.png"; path = "Images/btn-del@2x.png"; sourceTree = "<group>"; };
		98AC1F93167D419300CE193F /* btn-get-help-highlight@2x.png */ = {isa = PBXFileReference; lastKnownFileType = image.png; name = "btn-get-help-highlight@2x.png"; path = "Images/btn-get-help-highlight@2x.png"; sourceTree = "<group>"; };
		98AC1F94167D419300CE193F /* btn-get-help@2x.png */ = {isa = PBXFileReference; lastKnownFileType = image.png; name = "btn-get-help@2x.png"; path = "Images/btn-get-help@2x.png"; sourceTree = "<group>"; };
		98AC1F95167D419300CE193F /* btn-start-over-highlight@2x.png */ = {isa = PBXFileReference; lastKnownFileType = image.png; name = "btn-start-over-highlight@2x.png"; path = "Images/btn-start-over-highlight@2x.png"; sourceTree = "<group>"; };
		98AC1F96167D419300CE193F /* btn-start-over@2x.png */ = {isa = PBXFileReference; lastKnownFileType = image.png; name = "btn-start-over@2x.png"; path = "Images/btn-start-over@2x.png"; sourceTree = "<group>"; };
		DC8F288F13579EFF005B8862 /* scantastic.app */ = {isa = PBXFileReference; explicitFileType = wrapper.application; includeInIndex = 0; path = scantastic.app; sourceTree = BUILT_PRODUCTS_DIR; };
		DC8F289313579EFF005B8862 /* UIKit.framework */ = {isa = PBXFileReference; lastKnownFileType = wrapper.framework; name = UIKit.framework; path = System/Library/Frameworks/UIKit.framework; sourceTree = SDKROOT; };
		DC8F289513579EFF005B8862 /* Foundation.framework */ = {isa = PBXFileReference; lastKnownFileType = wrapper.framework; name = Foundation.framework; path = System/Library/Frameworks/Foundation.framework; sourceTree = SDKROOT; };
		DC8F289713579EFF005B8862 /* CoreGraphics.framework */ = {isa = PBXFileReference; lastKnownFileType = wrapper.framework; name = CoreGraphics.framework; path = System/Library/Frameworks/CoreGraphics.framework; sourceTree = SDKROOT; };
		DC8F289B13579EFF005B8862 /* scantastic-Info.plist */ = {isa = PBXFileReference; lastKnownFileType = text.plist.xml; path = "scantastic-Info.plist"; sourceTree = "<group>"; };
		DC8F289D13579EFF005B8862 /* en */ = {isa = PBXFileReference; lastKnownFileType = text.plist.strings; name = en; path = en.lproj/InfoPlist.strings; sourceTree = "<group>"; };
		DC8F289F13579EFF005B8862 /* scantastic-Prefix.pch */ = {isa = PBXFileReference; lastKnownFileType = sourcecode.c.h; path = "scantastic-Prefix.pch"; sourceTree = "<group>"; };
		DC8F28A013579EFF005B8862 /* main.m */ = {isa = PBXFileReference; lastKnownFileType = sourcecode.c.objc; path = main.m; sourceTree = "<group>"; };
		DC8F28A213579EFF005B8862 /* ReaderSampleAppDelegate.h */ = {isa = PBXFileReference; lastKnownFileType = sourcecode.c.h; path = ReaderSampleAppDelegate.h; sourceTree = "<group>"; };
		DC8F28A313579EFF005B8862 /* ReaderSampleAppDelegate.m */ = {isa = PBXFileReference; lastKnownFileType = sourcecode.c.objc; path = ReaderSampleAppDelegate.m; sourceTree = "<group>"; };
		DC8F28A613579EFF005B8862 /* en */ = {isa = PBXFileReference; lastKnownFileType = file.xib; name = en; path = en.lproj/MainWindow.xib; sourceTree = "<group>"; };
		DC8F28A813579EFF005B8862 /* ReaderSampleViewController.h */ = {isa = PBXFileReference; lastKnownFileType = sourcecode.c.h; path = ReaderSampleViewController.h; sourceTree = "<group>"; };
		DC8F28A913579EFF005B8862 /* ReaderSampleViewController.m */ = {isa = PBXFileReference; lastKnownFileType = sourcecode.c.objc; path = ReaderSampleViewController.m; sourceTree = "<group>"; };
		DC8F28AC13579F00005B8862 /* en */ = {isa = PBXFileReference; lastKnownFileType = file.xib; name = en; path = en.lproj/ReaderSampleViewController.xib; sourceTree = "<group>"; };
		DC8F28B71357A29D005B8862 /* Decoder.h */ = {isa = PBXFileReference; fileEncoding = 4; lastKnownFileType = sourcecode.c.h; path = Decoder.h; sourceTree = "<group>"; };
		DC8F28B81357A29D005B8862 /* Exception.h */ = {isa = PBXFileReference; fileEncoding = 4; lastKnownFileType = sourcecode.c.h; path = Exception.h; sourceTree = "<group>"; };
		DC8F28B91357A29D005B8862 /* Image.h */ = {isa = PBXFileReference; fileEncoding = 4; lastKnownFileType = sourcecode.c.h; path = Image.h; sourceTree = "<group>"; };
		DC8F28BA1357A29D005B8862 /* ImageScanner.h */ = {isa = PBXFileReference; fileEncoding = 4; lastKnownFileType = sourcecode.c.h; path = ImageScanner.h; sourceTree = "<group>"; };
		DC8F28BB1357A29D005B8862 /* Processor.h */ = {isa = PBXFileReference; fileEncoding = 4; lastKnownFileType = sourcecode.c.h; path = Processor.h; sourceTree = "<group>"; };
		DC8F28BC1357A29D005B8862 /* Scanner.h */ = {isa = PBXFileReference; fileEncoding = 4; lastKnownFileType = sourcecode.c.h; path = Scanner.h; sourceTree = "<group>"; };
		DC8F28BD1357A29D005B8862 /* Symbol.h */ = {isa = PBXFileReference; fileEncoding = 4; lastKnownFileType = sourcecode.c.h; path = Symbol.h; sourceTree = "<group>"; };
		DC8F28BE1357A29D005B8862 /* Video.h */ = {isa = PBXFileReference; fileEncoding = 4; lastKnownFileType = sourcecode.c.h; path = Video.h; sourceTree = "<group>"; };
		DC8F28BF1357A29D005B8862 /* Window.h */ = {isa = PBXFileReference; fileEncoding = 4; lastKnownFileType = sourcecode.c.h; path = Window.h; sourceTree = "<group>"; };
		DC8F28C01357A29D005B8862 /* zbar.h */ = {isa = PBXFileReference; fileEncoding = 4; lastKnownFileType = sourcecode.c.h; path = zbar.h; sourceTree = "<group>"; };
		DC8F28C11357A29D005B8862 /* ZBarCaptureReader.h */ = {isa = PBXFileReference; fileEncoding = 4; lastKnownFileType = sourcecode.c.h; path = ZBarCaptureReader.h; sourceTree = "<group>"; };
		DC8F28C21357A29D005B8862 /* ZBarHelpController.h */ = {isa = PBXFileReference; fileEncoding = 4; lastKnownFileType = sourcecode.c.h; path = ZBarHelpController.h; sourceTree = "<group>"; };
		DC8F28C31357A29D005B8862 /* ZBarImage.h */ = {isa = PBXFileReference; fileEncoding = 4; lastKnownFileType = sourcecode.c.h; path = ZBarImage.h; sourceTree = "<group>"; };
		DC8F28C41357A29D005B8862 /* ZBarImageScanner.h */ = {isa = PBXFileReference; fileEncoding = 4; lastKnownFileType = sourcecode.c.h; path = ZBarImageScanner.h; sourceTree = "<group>"; };
		DC8F28C51357A29D005B8862 /* ZBarReaderController.h */ = {isa = PBXFileReference; fileEncoding = 4; lastKnownFileType = sourcecode.c.h; path = ZBarReaderController.h; sourceTree = "<group>"; };
		DC8F28C61357A29D005B8862 /* ZBarReaderView.h */ = {isa = PBXFileReference; fileEncoding = 4; lastKnownFileType = sourcecode.c.h; path = ZBarReaderView.h; sourceTree = "<group>"; };
		DC8F28C71357A29D005B8862 /* ZBarReaderViewController.h */ = {isa = PBXFileReference; fileEncoding = 4; lastKnownFileType = sourcecode.c.h; path = ZBarReaderViewController.h; sourceTree = "<group>"; };
		DC8F28C81357A29D005B8862 /* ZBarSDK.h */ = {isa = PBXFileReference; fileEncoding = 4; lastKnownFileType = sourcecode.c.h; path = ZBarSDK.h; sourceTree = "<group>"; };
		DC8F28C91357A29D005B8862 /* ZBarSymbol.h */ = {isa = PBXFileReference; fileEncoding = 4; lastKnownFileType = sourcecode.c.h; path = ZBarSymbol.h; sourceTree = "<group>"; };
		DC8F28CA1357A29D005B8862 /* libzbar.a */ = {isa = PBXFileReference; lastKnownFileType = archive.ar; path = libzbar.a; sourceTree = "<group>"; };
		DC8F28CC1357A29D005B8862 /* zbar-back.png */ = {isa = PBXFileReference; lastKnownFileType = image.png; path = "zbar-back.png"; sourceTree = "<group>"; };
		DC8F28CD1357A29D005B8862 /* zbar-help.html */ = {isa = PBXFileReference; fileEncoding = 4; lastKnownFileType = text.html; path = "zbar-help.html"; sourceTree = "<group>"; };
		DC8F28CE1357A29D005B8862 /* zbar-helpicons.png */ = {isa = PBXFileReference; lastKnownFileType = image.png; path = "zbar-helpicons.png"; sourceTree = "<group>"; };
		DC8F28CF1357A29D005B8862 /* zbar-samples.png */ = {isa = PBXFileReference; lastKnownFileType = image.png; path = "zbar-samples.png"; sourceTree = "<group>"; };
		DC8F28D51357A42E005B8862 /* AVFoundation.framework */ = {isa = PBXFileReference; lastKnownFileType = wrapper.framework; name = AVFoundation.framework; path = System/Library/Frameworks/AVFoundation.framework; sourceTree = SDKROOT; };
		DC8F28D61357A42E005B8862 /* CoreMedia.framework */ = {isa = PBXFileReference; lastKnownFileType = wrapper.framework; name = CoreMedia.framework; path = System/Library/Frameworks/CoreMedia.framework; sourceTree = SDKROOT; };
		DC8F28D71357A42E005B8862 /* CoreVideo.framework */ = {isa = PBXFileReference; lastKnownFileType = wrapper.framework; name = CoreVideo.framework; path = System/Library/Frameworks/CoreVideo.framework; sourceTree = SDKROOT; };
		DC8F28D81357A42E005B8862 /* libiconv.dylib */ = {isa = PBXFileReference; lastKnownFileType = "compiled.mach-o.dylib"; name = libiconv.dylib; path = usr/lib/libiconv.dylib; sourceTree = SDKROOT; };
		DC8F28D91357A42E005B8862 /* QuartzCore.framework */ = {isa = PBXFileReference; lastKnownFileType = wrapper.framework; name = QuartzCore.framework; path = System/Library/Frameworks/QuartzCore.framework; sourceTree = SDKROOT; };
/* End PBXFileReference section */

/* Begin PBXFrameworksBuildPhase section */
		DC8F288C13579EFF005B8862 /* Frameworks */ = {
			isa = PBXFrameworksBuildPhase;
			buildActionMask = 2147483647;
			files = (
				24A81344167C3F620057CBAB /* CoreData.framework in Frameworks */,
				DC8F28DA1357A42E005B8862 /* AVFoundation.framework in Frameworks */,
				DC8F28DB1357A42E005B8862 /* CoreMedia.framework in Frameworks */,
				DC8F28DC1357A42E005B8862 /* CoreVideo.framework in Frameworks */,
				DC8F28DD1357A42E005B8862 /* libiconv.dylib in Frameworks */,
				DC8F28DE1357A42E005B8862 /* QuartzCore.framework in Frameworks */,
				DC8F289413579EFF005B8862 /* UIKit.framework in Frameworks */,
				DC8F289613579EFF005B8862 /* Foundation.framework in Frameworks */,
				DC8F289813579EFF005B8862 /* CoreGraphics.framework in Frameworks */,
				DC8F28D01357A29D005B8862 /* libzbar.a in Frameworks */,
			);
			runOnlyForDeploymentPostprocessing = 0;
		};
/* End PBXFrameworksBuildPhase section */

/* Begin PBXGroup section */
		24A8133F167C3EF10057CBAB /* Models */ = {
			isa = PBXGroup;
			children = (
				24A81333167C30AD0057CBAB /* Library.xcdatamodeld */,
				24A813BF167C55AC0057CBAB /* Item.h */,
				24A813C0167C55AC0057CBAB /* Item.m */,
				24A813BC167C55AC0057CBAB /* Patron.h */,
				24A813BD167C55AC0057CBAB /* Patron.m */,
				24A813B9167C55AB0057CBAB /* Transaction.h */,
				24A813BA167C55AB0057CBAB /* Transaction.m */,
				24A813B6167C46160057CBAB /* Library.h */,
				24A813B7167C46160057CBAB /* Library.m */,
			);
			name = Models;
			sourceTree = "<group>";
		};
		24C6C484167D5C2E00E01ECC /* sounds */ = {
			isa = PBXGroup;
			children = (
				24C6C489167D619E00E01ECC /* tap.caf */,
				24C6C487167D60C600E01ECC /* a-team_crazy_fool_x.wav */,
				24C6C485167D5C2E00E01ECC /* tap.aif */,
			);
			path = sounds;
			sourceTree = "<group>";
		};
		98AC1F72167D3DA000CE193F /* Images */ = {
			isa = PBXGroup;
			children = (
				24190236167D487800435FF7 /* bg-gray-texture.png */,
				24190237167D487B00435FF7 /* bg.png */,
				24190238167D487D00435FF7 /* btn-0-highlight.png */,
				24190239167D488000435FF7 /* btn-0.png */,
				2419023A167D488400435FF7 /* btn-1-highlight.png */,
				2419023B167D488600435FF7 /* btn-1.png */,
				2419023C167D488800435FF7 /* btn-2-highlight.png */,
				2419023D167D488A00435FF7 /* btn-2.png */,
				2419023E167D489000435FF7 /* btn-3-highlight.png */,
				2419023F167D489200435FF7 /* btn-3.png */,
				24190240167D489400435FF7 /* btn-4-highlight.png */,
				24190241167D489600435FF7 /* btn-4.png */,
				24190242167D489700435FF7 /* btn-5-highlight.png */,
				24190243167D489900435FF7 /* btn-5.png */,
				24190244167D48A200435FF7 /* btn-6-highlight.png */,
				24190245167D48A400435FF7 /* btn-6.png */,
				24190246167D48A600435FF7 /* btn-7-highlight.png */,
				24190247167D48A900435FF7 /* btn-7.png */,
				24190248167D48AB00435FF7 /* btn-8-highlight.png */,
				24190249167D48AD00435FF7 /* btn-8.png */,
				2419024A167D48AF00435FF7 /* btn-9-highlight.png */,
				2419024B167D48B700435FF7 /* btn-9.png */,
				2419024C167D48C400435FF7 /* btn-blank.png */,
				2419024D167D48CC00435FF7 /* btn-checkout-highlight.png */,
				2419024E167D48D100435FF7 /* btn-checkout.png */,
				2419024F167D48D800435FF7 /* btn-continue-highlight.png */,
				24190250167D490800435FF7 /* btn-continue.png */,
				24190251167D490A00435FF7 /* btn-del-highlight.png */,
				24190252167D490D00435FF7 /* btn-del.png */,
				24190253167D490F00435FF7 /* btn-get-help-highlight.png */,
				24190254167D491100435FF7 /* btn-get-help.png */,
				24190255167D491200435FF7 /* btn-start-over-highlight.png */,
				24190256167D491600435FF7 /* btn-start-over.png */,
				24190257167D491700435FF7 /* help-bar.png */,
				24190258167D491900435FF7 /* help-bar@2x.png */,
				24190259167D491B00435FF7 /* list-frame-bottom.png */,
				2419025A167D491D00435FF7 /* list-frame-bottom@2x.png */,
				2419025B167D491E00435FF7 /* list-frame-top.png */,
				2419025C167D492100435FF7 /* list-frame-top@2x.png */,
				98AC1F76167D419300CE193F /* bg-gray-texture@2x.png */,
				98AC1F77167D419300CE193F /* bg@2x.png */,
				98AC1F78167D419300CE193F /* btn-0-highlight@2x.png */,
				98AC1F79167D419300CE193F /* btn-0@2x.png */,
				98AC1F7A167D419300CE193F /* btn-1-highlight@2x.png */,
				98AC1F7B167D419300CE193F /* btn-1@2x.png */,
				98AC1F7C167D419300CE193F /* btn-2-highlight@2x.png */,
				98AC1F7D167D419300CE193F /* btn-2@2x.png */,
				98AC1F7E167D419300CE193F /* btn-3-highlight@2x.png */,
				98AC1F7F167D419300CE193F /* btn-3@2x.png */,
				98AC1F80167D419300CE193F /* btn-4-highlight@2x.png */,
				98AC1F81167D419300CE193F /* btn-4@2x.png */,
				98AC1F82167D419300CE193F /* btn-5-highlight@2x.png */,
				98AC1F83167D419300CE193F /* btn-5@2x.png */,
				98AC1F84167D419300CE193F /* btn-6-highlight@2x.png */,
				98AC1F85167D419300CE193F /* btn-6@2x.png */,
				98AC1F86167D419300CE193F /* btn-7-highlight@2x.png */,
				98AC1F87167D419300CE193F /* btn-7@2x.png */,
				98AC1F88167D419300CE193F /* btn-8-highlight@2x.png */,
				98AC1F89167D419300CE193F /* btn-8@2x.png */,
				98AC1F8A167D419300CE193F /* btn-9-highlight@2x.png */,
				98AC1F8B167D419300CE193F /* btn-9@2x.png */,
				98AC1F8C167D419300CE193F /* btn-blank@2x.png */,
				98AC1F8D167D419300CE193F /* btn-checkout-highlight@2x.png */,
				98AC1F8E167D419300CE193F /* btn-checkout@2x.png */,
				98AC1F8F167D419300CE193F /* btn-continue-highlight@2x.png */,
				98AC1F90167D419300CE193F /* btn-continue@2x.png */,
				98AC1F91167D419300CE193F /* btn-del-highlight@2x.png */,
				98AC1F92167D419300CE193F /* btn-del@2x.png */,
				98AC1F93167D419300CE193F /* btn-get-help-highlight@2x.png */,
				98AC1F94167D419300CE193F /* btn-get-help@2x.png */,
				98AC1F95167D419300CE193F /* btn-start-over-highlight@2x.png */,
				98AC1F96167D419300CE193F /* btn-start-over@2x.png */,
			);
			name = Images;
			sourceTree = "<group>";
		};
		DC8F288413579EFF005B8862 = {
			isa = PBXGroup;
			children = (
				24A81349167C40280057CBAB /* Default-568h@2x.png */,
				DC8F289913579EFF005B8862 /* ReaderSample */,
				DC8F28B31357A29D005B8862 /* ZBarSDK */,
				DC8F289213579EFF005B8862 /* Frameworks */,
				DC8F289013579EFF005B8862 /* Products */,
			);
			sourceTree = "<group>";
		};
		DC8F289013579EFF005B8862 /* Products */ = {
			isa = PBXGroup;
			children = (
				DC8F288F13579EFF005B8862 /* scantastic.app */,
			);
			name = Products;
			sourceTree = "<group>";
		};
		DC8F289213579EFF005B8862 /* Frameworks */ = {
			isa = PBXGroup;
			children = (
				24C6C481167D5C0A00E01ECC /* AudioToolbox.framework */,
				24A81343167C3F620057CBAB /* CoreData.framework */,
				DC8F289313579EFF005B8862 /* UIKit.framework */,
				DC8F289513579EFF005B8862 /* Foundation.framework */,
				DC8F289713579EFF005B8862 /* CoreGraphics.framework */,
				DC8F28D91357A42E005B8862 /* QuartzCore.framework */,
				DC8F28D61357A42E005B8862 /* CoreMedia.framework */,
				DC8F28D71357A42E005B8862 /* CoreVideo.framework */,
				DC8F28D51357A42E005B8862 /* AVFoundation.framework */,
				DC8F28D81357A42E005B8862 /* libiconv.dylib */,
			);
			name = Frameworks;
			sourceTree = "<group>";
		};
		DC8F289913579EFF005B8862 /* ReaderSample */ = {
			isa = PBXGroup;
			children = (
				24A8133F167C3EF10057CBAB /* Models */,
				DC8F28A213579EFF005B8862 /* ReaderSampleAppDelegate.h */,
				DC8F28A313579EFF005B8862 /* ReaderSampleAppDelegate.m */,
				DC8F28A513579EFF005B8862 /* MainWindow.xib */,
				DC8F28A813579EFF005B8862 /* ReaderSampleViewController.h */,
				DC8F28A913579EFF005B8862 /* ReaderSampleViewController.m */,
				DC8F28AB13579EFF005B8862 /* ReaderSampleViewController.xib */,
				DC8F289A13579EFF005B8862 /* Supporting Files */,
				24EE85AC167D0FE400E87E99 /* CustomNavigationController.h */,
				24EE85AD167D0FE400E87E99 /* CustomNavigationController.m */,
				24A8134B167C42450057CBAB /* StartViewController.h */,
				24A8134C167C42450057CBAB /* StartViewController.m */,
				24A8134D167C42450057CBAB /* StartViewController.xib */,
				24A81350167C42510057CBAB /* PinViewController.h */,
				24A81351167C42510057CBAB /* PinViewController.m */,
				24A81352167C42510057CBAB /* PinViewController.xib */,
				24A81355167C425B0057CBAB /* ScanItemViewController.h */,
				24A81356167C425B0057CBAB /* ScanItemViewController.m */,
				24A81357167C425B0057CBAB /* ScanItemViewController.xib */,
				24A8135A167C42650057CBAB /* ReceiptViewController.h */,
				24A8135B167C42650057CBAB /* ReceiptViewController.m */,
				24A8135C167C42650057CBAB /* ReceiptViewController.xib */,
			);
			path = ReaderSample;
			sourceTree = "<group>";
		};
		DC8F289A13579EFF005B8862 /* Supporting Files */ = {
			isa = PBXGroup;
			children = (
				24C6C484167D5C2E00E01ECC /* sounds */,
				98AC1F72167D3DA000CE193F /* Images */,
				DC8F289B13579EFF005B8862 /* scantastic-Info.plist */,
				DC8F289C13579EFF005B8862 /* InfoPlist.strings */,
				DC8F289F13579EFF005B8862 /* scantastic-Prefix.pch */,
				DC8F28A013579EFF005B8862 /* main.m */,
			);
			name = "Supporting Files";
			sourceTree = "<group>";
		};
		DC8F28B31357A29D005B8862 /* ZBarSDK */ = {
			isa = PBXGroup;
			children = (
				DC8F28B41357A29D005B8862 /* Headers */,
				DC8F28CA1357A29D005B8862 /* libzbar.a */,
				DC8F28CB1357A29D005B8862 /* Resources */,
			);
			path = ZBarSDK;
			sourceTree = "<group>";
		};
		DC8F28B41357A29D005B8862 /* Headers */ = {
			isa = PBXGroup;
			children = (
				DC8F28B51357A29D005B8862 /* ZBarSDK */,
			);
			path = Headers;
			sourceTree = "<group>";
		};
		DC8F28B51357A29D005B8862 /* ZBarSDK */ = {
			isa = PBXGroup;
			children = (
				DC8F28B61357A29D005B8862 /* zbar */,
				DC8F28C01357A29D005B8862 /* zbar.h */,
				DC8F28C11357A29D005B8862 /* ZBarCaptureReader.h */,
				DC8F28C21357A29D005B8862 /* ZBarHelpController.h */,
				DC8F28C31357A29D005B8862 /* ZBarImage.h */,
				DC8F28C41357A29D005B8862 /* ZBarImageScanner.h */,
				DC8F28C51357A29D005B8862 /* ZBarReaderController.h */,
				DC8F28C61357A29D005B8862 /* ZBarReaderView.h */,
				DC8F28C71357A29D005B8862 /* ZBarReaderViewController.h */,
				DC8F28C81357A29D005B8862 /* ZBarSDK.h */,
				DC8F28C91357A29D005B8862 /* ZBarSymbol.h */,
			);
			path = ZBarSDK;
			sourceTree = "<group>";
		};
		DC8F28B61357A29D005B8862 /* zbar */ = {
			isa = PBXGroup;
			children = (
				DC8F28B71357A29D005B8862 /* Decoder.h */,
				DC8F28B81357A29D005B8862 /* Exception.h */,
				DC8F28B91357A29D005B8862 /* Image.h */,
				DC8F28BA1357A29D005B8862 /* ImageScanner.h */,
				DC8F28BB1357A29D005B8862 /* Processor.h */,
				DC8F28BC1357A29D005B8862 /* Scanner.h */,
				DC8F28BD1357A29D005B8862 /* Symbol.h */,
				DC8F28BE1357A29D005B8862 /* Video.h */,
				DC8F28BF1357A29D005B8862 /* Window.h */,
			);
			path = zbar;
			sourceTree = "<group>";
		};
		DC8F28CB1357A29D005B8862 /* Resources */ = {
			isa = PBXGroup;
			children = (
				DC8F28CC1357A29D005B8862 /* zbar-back.png */,
				DC8F28CD1357A29D005B8862 /* zbar-help.html */,
				DC8F28CE1357A29D005B8862 /* zbar-helpicons.png */,
				DC8F28CF1357A29D005B8862 /* zbar-samples.png */,
			);
			path = Resources;
			sourceTree = "<group>";
		};
/* End PBXGroup section */

/* Begin PBXNativeTarget section */
		DC8F288E13579EFF005B8862 /* scantastic */ = {
			isa = PBXNativeTarget;
			buildConfigurationList = DC8F28B013579F00005B8862 /* Build configuration list for PBXNativeTarget "scantastic" */;
			buildPhases = (
				DC8F288B13579EFF005B8862 /* Sources */,
				DC8F288C13579EFF005B8862 /* Frameworks */,
				DC8F288D13579EFF005B8862 /* Resources */,
			);
			buildRules = (
			);
			dependencies = (
			);
			name = scantastic;
			productName = ReaderSample;
			productReference = DC8F288F13579EFF005B8862 /* scantastic.app */;
			productType = "com.apple.product-type.application";
		};
/* End PBXNativeTarget section */

/* Begin PBXProject section */
		DC8F288613579EFF005B8862 /* Project object */ = {
			isa = PBXProject;
			attributes = {
				LastUpgradeCheck = 0450;
				ORGANIZATIONNAME = "ZBar Consulting Services";
			};
			buildConfigurationList = DC8F288913579EFF005B8862 /* Build configuration list for PBXProject "scantastic" */;
			compatibilityVersion = "Xcode 3.2";
			developmentRegion = English;
			hasScannedForEncodings = 0;
			knownRegions = (
				en,
			);
			mainGroup = DC8F288413579EFF005B8862;
			productRefGroup = DC8F289013579EFF005B8862 /* Products */;
			projectDirPath = "";
			projectRoot = "";
			targets = (
				DC8F288E13579EFF005B8862 /* scantastic */,
			);
		};
/* End PBXProject section */

/* Begin PBXResourcesBuildPhase section */
		DC8F288D13579EFF005B8862 /* Resources */ = {
			isa = PBXResourcesBuildPhase;
			buildActionMask = 2147483647;
			files = (
				DC8F289E13579EFF005B8862 /* InfoPlist.strings in Resources */,
				DC8F28A713579EFF005B8862 /* MainWindow.xib in Resources */,
				DC8F28AD13579F00005B8862 /* ReaderSampleViewController.xib in Resources */,
				DC8F28D11357A29D005B8862 /* zbar-back.png in Resources */,
				DC8F28D21357A29D005B8862 /* zbar-help.html in Resources */,
				DC8F28D31357A29D005B8862 /* zbar-helpicons.png in Resources */,
				DC8F28D41357A29D005B8862 /* zbar-samples.png in Resources */,
				24A8134A167C40280057CBAB /* Default-568h@2x.png in Resources */,
				24A8134F167C42450057CBAB /* StartViewController.xib in Resources */,
				24A81354167C42510057CBAB /* PinViewController.xib in Resources */,
				24A81359167C425B0057CBAB /* ScanItemViewController.xib in Resources */,
				24A8135E167C42650057CBAB /* ReceiptViewController.xib in Resources */,
				98AC1F97167D419300CE193F /* bg-gray-texture@2x.png in Resources */,
				98AC1F98167D419300CE193F /* bg@2x.png in Resources */,
				98AC1F99167D419300CE193F /* btn-0-highlight@2x.png in Resources */,
				98AC1F9A167D419300CE193F /* btn-0@2x.png in Resources */,
				98AC1F9B167D419300CE193F /* btn-1-highlight@2x.png in Resources */,
				98AC1F9C167D419300CE193F /* btn-1@2x.png in Resources */,
				98AC1F9D167D419300CE193F /* btn-2-highlight@2x.png in Resources */,
				98AC1F9E167D419300CE193F /* btn-2@2x.png in Resources */,
				98AC1F9F167D419300CE193F /* btn-3-highlight@2x.png in Resources */,
				98AC1FA0167D419300CE193F /* btn-3@2x.png in Resources */,
				98AC1FA1167D419300CE193F /* btn-4-highlight@2x.png in Resources */,
				98AC1FA2167D419300CE193F /* btn-4@2x.png in Resources */,
				98AC1FA3167D419300CE193F /* btn-5-highlight@2x.png in Resources */,
				98AC1FA4167D419300CE193F /* btn-5@2x.png in Resources */,
				98AC1FA5167D419300CE193F /* btn-6-highlight@2x.png in Resources */,
				98AC1FA6167D419300CE193F /* btn-6@2x.png in Resources */,
				98AC1FA7167D419300CE193F /* btn-7-highlight@2x.png in Resources */,
				98AC1FA8167D419300CE193F /* btn-7@2x.png in Resources */,
				98AC1FA9167D419300CE193F /* btn-8-highlight@2x.png in Resources */,
				98AC1FAA167D419300CE193F /* btn-8@2x.png in Resources */,
				98AC1FAB167D419300CE193F /* btn-9-highlight@2x.png in Resources */,
				98AC1FAC167D419300CE193F /* btn-9@2x.png in Resources */,
				98AC1FAD167D419300CE193F /* btn-blank@2x.png in Resources */,
				98AC1FAE167D419300CE193F /* btn-checkout-highlight@2x.png in Resources */,
				98AC1FAF167D419300CE193F /* btn-checkout@2x.png in Resources */,
				98AC1FB0167D419300CE193F /* btn-continue-highlight@2x.png in Resources */,
				98AC1FB1167D419300CE193F /* btn-continue@2x.png in Resources */,
				98AC1FB2167D419300CE193F /* btn-del-highlight@2x.png in Resources */,
				98AC1FB3167D419300CE193F /* btn-del@2x.png in Resources */,
				98AC1FB4167D419300CE193F /* btn-get-help-highlight@2x.png in Resources */,
				98AC1FB5167D419300CE193F /* btn-get-help@2x.png in Resources */,
				98AC1FB6167D419300CE193F /* btn-start-over-highlight@2x.png in Resources */,
				98AC1FB7167D419300CE193F /* btn-start-over@2x.png in Resources */,
				2419025D167D492200435FF7 /* bg-gray-texture.png in Resources */,
				2419025E167D492200435FF7 /* bg.png in Resources */,
				2419025F167D492200435FF7 /* btn-0-highlight.png in Resources */,
				24190260167D492200435FF7 /* btn-0.png in Resources */,
				24190261167D492200435FF7 /* btn-1-highlight.png in Resources */,
				24190262167D492200435FF7 /* btn-1.png in Resources */,
				24190263167D492200435FF7 /* btn-2-highlight.png in Resources */,
				24190264167D492200435FF7 /* btn-2.png in Resources */,
				24190265167D492200435FF7 /* btn-3-highlight.png in Resources */,
				24190266167D492200435FF7 /* btn-3.png in Resources */,
				24190267167D492300435FF7 /* btn-4-highlight.png in Resources */,
				24190268167D492300435FF7 /* btn-4.png in Resources */,
				24190269167D492300435FF7 /* btn-5-highlight.png in Resources */,
				2419026A167D492300435FF7 /* btn-5.png in Resources */,
				2419026B167D492300435FF7 /* btn-6-highlight.png in Resources */,
				2419026C167D492300435FF7 /* btn-6.png in Resources */,
				2419026D167D492300435FF7 /* btn-7-highlight.png in Resources */,
				2419026E167D492300435FF7 /* btn-7.png in Resources */,
				2419026F167D492300435FF7 /* btn-8-highlight.png in Resources */,
				24190270167D492300435FF7 /* btn-8.png in Resources */,
				24190271167D492300435FF7 /* btn-9-highlight.png in Resources */,
				24190272167D492300435FF7 /* btn-9.png in Resources */,
				24190273167D492300435FF7 /* btn-blank.png in Resources */,
				24190274167D492300435FF7 /* btn-checkout-highlight.png in Resources */,
				24190275167D492300435FF7 /* btn-checkout.png in Resources */,
				24190276167D492300435FF7 /* btn-continue-highlight.png in Resources */,
				24190277167D492300435FF7 /* btn-continue.png in Resources */,
				24190278167D492300435FF7 /* btn-del-highlight.png in Resources */,
				24190279167D492300435FF7 /* btn-del.png in Resources */,
				2419027A167D492300435FF7 /* btn-get-help-highlight.png in Resources */,
				2419027B167D492300435FF7 /* btn-get-help.png in Resources */,
				2419027C167D492300435FF7 /* btn-start-over-highlight.png in Resources */,
				2419027D167D492300435FF7 /* btn-start-over.png in Resources */,
				2419027E167D492300435FF7 /* help-bar.png in Resources */,
				2419027F167D492300435FF7 /* help-bar@2x.png in Resources */,
				24190280167D492300435FF7 /* list-frame-bottom.png in Resources */,
				24190281167D492300435FF7 /* list-frame-bottom@2x.png in Resources */,
				24190282167D492300435FF7 /* list-frame-top.png in Resources */,
				24190283167D492300435FF7 /* list-frame-top@2x.png in Resources */,
				24C6C486167D5C2E00E01ECC /* tap.aif in Resources */,
				24C6C488167D60C600E01ECC /* a-team_crazy_fool_x.wav in Resources */,
				24C6C48A167D619E00E01ECC /* tap.caf in Resources */,
			);
			runOnlyForDeploymentPostprocessing = 0;
		};
/* End PBXResourcesBuildPhase section */

/* Begin PBXSourcesBuildPhase section */
		DC8F288B13579EFF005B8862 /* Sources */ = {
			isa = PBXSourcesBuildPhase;
			buildActionMask = 2147483647;
			files = (
				DC8F28A113579EFF005B8862 /* main.m in Sources */,
				DC8F28A413579EFF005B8862 /* ReaderSampleAppDelegate.m in Sources */,
				DC8F28AA13579EFF005B8862 /* ReaderSampleViewController.m in Sources */,
				24A81335167C30AD0057CBAB /* Library.xcdatamodeld in Sources */,
				24A8134E167C42450057CBAB /* StartViewController.m in Sources */,
				24A81353167C42510057CBAB /* PinViewController.m in Sources */,
				24A81358167C425B0057CBAB /* ScanItemViewController.m in Sources */,
				24A8135D167C42650057CBAB /* ReceiptViewController.m in Sources */,
				24A813B8167C46160057CBAB /* Library.m in Sources */,
				24A813BB167C55AB0057CBAB /* Transaction.m in Sources */,
				24A813BE167C55AC0057CBAB /* Patron.m in Sources */,
				24A813C1167C55AC0057CBAB /* Item.m in Sources */,
				24EE85AE167D0FE400E87E99 /* CustomNavigationController.m in Sources */,
			);
			runOnlyForDeploymentPostprocessing = 0;
		};
/* End PBXSourcesBuildPhase section */

/* Begin PBXVariantGroup section */
		DC8F289C13579EFF005B8862 /* InfoPlist.strings */ = {
			isa = PBXVariantGroup;
			children = (
				DC8F289D13579EFF005B8862 /* en */,
			);
			name = InfoPlist.strings;
			sourceTree = "<group>";
		};
		DC8F28A513579EFF005B8862 /* MainWindow.xib */ = {
			isa = PBXVariantGroup;
			children = (
				DC8F28A613579EFF005B8862 /* en */,
			);
			name = MainWindow.xib;
			sourceTree = "<group>";
		};
		DC8F28AB13579EFF005B8862 /* ReaderSampleViewController.xib */ = {
			isa = PBXVariantGroup;
			children = (
				DC8F28AC13579F00005B8862 /* en */,
			);
			name = ReaderSampleViewController.xib;
			sourceTree = "<group>";
		};
/* End PBXVariantGroup section */

/* Begin XCBuildConfiguration section */
		DC8F28AE13579F00005B8862 /* Debug */ = {
			isa = XCBuildConfiguration;
			buildSettings = {
				ARCHS = "$(ARCHS_STANDARD_32_BIT)";
				"CODE_SIGN_IDENTITY[sdk=iphoneos*]" = "iPhone Developer";
				GCC_C_LANGUAGE_STANDARD = gnu99;
				GCC_OPTIMIZATION_LEVEL = 0;
				GCC_PREPROCESSOR_DEFINITIONS = DEBUG;
				GCC_SYMBOLS_PRIVATE_EXTERN = NO;
				GCC_VERSION = com.apple.compilers.llvmgcc42;
				GCC_WARN_ABOUT_RETURN_TYPE = YES;
				GCC_WARN_UNUSED_VARIABLE = YES;
				IPHONEOS_DEPLOYMENT_TARGET = 6.0;
				SDKROOT = iphoneos;
			};
			name = Debug;
		};
		DC8F28AF13579F00005B8862 /* Release */ = {
			isa = XCBuildConfiguration;
			buildSettings = {
				ARCHS = "$(ARCHS_STANDARD_32_BIT)";
				"CODE_SIGN_IDENTITY[sdk=iphoneos*]" = "iPhone Developer";
				GCC_C_LANGUAGE_STANDARD = gnu99;
				GCC_VERSION = com.apple.compilers.llvmgcc42;
				GCC_WARN_ABOUT_RETURN_TYPE = YES;
				GCC_WARN_UNUSED_VARIABLE = YES;
				IPHONEOS_DEPLOYMENT_TARGET = 6.0;
				OTHER_CFLAGS = "-DNS_BLOCK_ASSERTIONS=1";
				SDKROOT = iphoneos;
			};
			name = Release;
		};
		DC8F28B113579F00005B8862 /* Debug */ = {
			isa = XCBuildConfiguration;
			buildSettings = {
				ALWAYS_SEARCH_USER_PATHS = NO;
				ARCHS = armv7;
				CLANG_ENABLE_OBJC_ARC = YES;
				COPY_PHASE_STRIP = NO;
				GCC_DYNAMIC_NO_PIC = NO;
				GCC_PRECOMPILE_PREFIX_HEADER = YES;
				GCC_PREFIX_HEADER = "ReaderSample/scantastic-Prefix.pch";
				GCC_VERSION = com.apple.compilers.llvm.clang.1_0;
				INFOPLIST_FILE = "ReaderSample/scantastic-Info.plist";
				IPHONEOS_DEPLOYMENT_TARGET = 6.0;
				LIBRARY_SEARCH_PATHS = (
					"$(inherited)",
					"\"$(SRCROOT)/ZBarSDK\"",
				);
				PRODUCT_NAME = scantastic;
				TARGETED_DEVICE_FAMILY = "1,2";
				WRAPPER_EXTENSION = app;
			};
			name = Debug;
		};
		DC8F28B213579F00005B8862 /* Release */ = {
			isa = XCBuildConfiguration;
			buildSettings = {
				ALWAYS_SEARCH_USER_PATHS = NO;
				ARCHS = armv7;
				CLANG_ENABLE_OBJC_ARC = YES;
				COPY_PHASE_STRIP = YES;
				GCC_PRECOMPILE_PREFIX_HEADER = YES;
				GCC_PREFIX_HEADER = "ReaderSample/scantastic-Prefix.pch";
				GCC_VERSION = com.apple.compilers.llvm.clang.1_0;
				INFOPLIST_FILE = "ReaderSample/scantastic-Info.plist";
				IPHONEOS_DEPLOYMENT_TARGET = 6.0;
				LIBRARY_SEARCH_PATHS = (
					"$(inherited)",
					"\"$(SRCROOT)/ZBarSDK\"",
				);
				PRODUCT_NAME = scantastic;
				TARGETED_DEVICE_FAMILY = "1,2";
				VALIDATE_PRODUCT = YES;
				WRAPPER_EXTENSION = app;
			};
			name = Release;
		};
/* End XCBuildConfiguration section */

/* Begin XCConfigurationList section */
		DC8F288913579EFF005B8862 /* Build configuration list for PBXProject "scantastic" */ = {
			isa = XCConfigurationList;
			buildConfigurations = (
				DC8F28AE13579F00005B8862 /* Debug */,
				DC8F28AF13579F00005B8862 /* Release */,
			);
			defaultConfigurationIsVisible = 0;
			defaultConfigurationName = Release;
		};
		DC8F28B013579F00005B8862 /* Build configuration list for PBXNativeTarget "scantastic" */ = {
			isa = XCConfigurationList;
			buildConfigurations = (
				DC8F28B113579F00005B8862 /* Debug */,
				DC8F28B213579F00005B8862 /* Release */,
			);
			defaultConfigurationIsVisible = 0;
			defaultConfigurationName = Release;
		};
/* End XCConfigurationList section */

/* Begin XCVersionGroup section */
		24A81333167C30AD0057CBAB /* Library.xcdatamodeld */ = {
			isa = XCVersionGroup;
			children = (
				24A81334167C30AD0057CBAB /* Library.xcdatamodel */,
			);
			currentVersion = 24A81334167C30AD0057CBAB /* Library.xcdatamodel */;
			path = Library.xcdatamodeld;
			sourceTree = "<group>";
			versionGroupType = wrapper.xcdatamodel;
		};
/* End XCVersionGroup section */
	};
	rootObject = DC8F288613579EFF005B8862 /* Project object */;
}
